
Microsoft Visual Studio Solution File, Format Version 12.00
# Visual Studio Version 17
VisualStudioVersion = 17.0.32112.339
MinimumVisualStudioVersion = 10.0.40219.1
Project("{FAE04EC0-301F-11D3-BF4B-00C04F79EFBC}") = "Unit1_Deliverable2", "Unit1_Deliverable2.csproj", "{0FB0849E-85FE-438F-80F7-2C086AA01414}"
EndProject
Global
	GlobalSection(SolutionConfigurationPlatforms) = preSolution
		Debug|Any CPU = Debug|Any CPU
		Release|Any CPU = Release|Any CPU
	EndGlobalSection
	GlobalSection(ProjectConfigurationPlatforms) = postSolution
		{0FB0849E-85FE-438F-80F7-2C086AA01414}.Debug|Any CPU.ActiveCfg = Debug|Any CPU
		{0FB0849E-85FE-438F-80F7-2C086AA01414}.Debug|Any CPU.Build.0 = Debug|Any CPU
		{0FB0849E-85FE-438F-80F7-2C086AA01414}.Release|Any CPU.ActiveCfg = Release|Any CPU
		{0FB0849E-85FE-438F-80F7-2C086AA01414}.Release|Any CPU.Build.0 = Release|Any CPU
	EndGlobalSection
	GlobalSection(SolutionProperties) = preSolution
		HideSolutionNode = FALSE
	EndGlobalSection
	GlobalSection(ExtensibilityGlobals) = postSolution
		SolutionGuid = {410AC39F-CFA9-4555-B997-AB23F42319C7}
	EndGlobalSection
EndGlobal
